
Microsoft Visual Studio Solution File, Format Version 12.00
# Visual Studio 15
Project("{FAE04EC0-301F-11D3-BF4B-00C04F79EFBC}") = "UnityEngine.UI", "UnityEngine.UI.csproj", "{1986B815-E22A-519A-9B3D-17A9DE3E2266}"
EndProject
Project("{FAE04EC0-301F-11D3-BF4B-00C04F79EFBC}") = "UnityEngine.TestRunner", "UnityEngine.TestRunner.csproj", "{8D38678F-0661-183F-E062-65006C970B0B}"
EndProject
Project("{FAE04EC0-301F-11D3-BF4B-00C04F79EFBC}") = "Unity.Mathematics", "Unity.Mathematics.csproj", "{C482951C-2B3F-80B0-AAF0-5EB4E1B0EFBC}"
EndProject
Project("{FAE04EC0-301F-11D3-BF4B-00C04F79EFBC}") = "Unity.2D.Animation.Triangle.Runtime", "Unity.2D.Animation.Triangle.Runtime.csproj", "{B990F547-A590-3B2D-2031-B329441776C4}"
EndProject
Project("{FAE04EC0-301F-11D3-BF4B-00C04F79EFBC}") = "Unity.Timeline", "Unity.Timeline.csproj", "{FBDAD7FF-F948-6ECF-FFD3-220658DB933C}"
EndProject
Project("{FAE04EC0-301F-11D3-BF4B-00C04F79EFBC}") = "Unity.TextMeshPro", "Unity.TextMeshPro.csproj", "{F12CF8F8-783C-F471-5BA6-96AAD5DF79DD}"
EndProject
Project("{FAE04EC0-301F-11D3-BF4B-00C04F79EFBC}") = "Unity.2D.Animation.Runtime", "Unity.2D.Animation.Runtime.csproj", "{AB5CA1F0-3E29-9334-8288-95BEDB879203}"
EndProject
Project("{FAE04EC0-301F-11D3-BF4B-00C04F79EFBC}") = "Assembly-CSharp", "Assembly-CSharp.csproj", "{1FD13CAC-9B5B-91F6-F7C6-556D34235A92}"
EndProject
Project("{FAE04EC0-301F-11D3-BF4B-00C04F79EFBC}") = "Unity.2D.IK.Runtime", "Unity.2D.IK.Runtime.csproj", "{7437B264-8EEF-A7EB-EA1A-784D7894A1B4}"
EndProject
Project("{FAE04EC0-301F-11D3-BF4B-00C04F79EFBC}") = "Unity.2D.SpriteShape.Runtime", "Unity.2D.SpriteShape.Runtime.csproj", "{05BE6256-9E2F-CBB3-85A8-15A6411E2247}"
EndProject
Project("{FAE04EC0-301F-11D3-BF4B-00C04F79EFBC}") = "Unity.2D.PixelPerfect", "Unity.2D.PixelPerfect.csproj", "{1A81067E-ED44-8836-D822-1F2035C0897A}"
EndProject
Project("{FAE04EC0-301F-11D3-BF4B-00C04F79EFBC}") = "Unity.2D.Common.Runtime", "Unity.2D.Common.Runtime.csproj", "{D7A69A82-DD6B-614C-EBA7-D4C86E1AB7DE}"
EndProject
Project("{FAE04EC0-301F-11D3-BF4B-00C04F79EFBC}") = "Unity.InternalAPIEngineBridge.001", "Unity.InternalAPIEngineBridge.001.csproj", "{F4FBC017-30B9-2F47-D7D1-6AA3A36D8F35}"
EndProject
Project("{FAE04EC0-301F-11D3-BF4B-00C04F79EFBC}") = "UnityEditor.TestRunner", "UnityEditor.TestRunner.csproj", "{8E926F6D-E646-FBBD-9687-95C062068486}"
EndProject
Project("{FAE04EC0-301F-11D3-BF4B-00C04F79EFBC}") = "Unity.PlasticSCM.Editor", "Unity.PlasticSCM.Editor.csproj", "{6C539421-E9FA-C774-D908-D55D4429EA46}"
EndProject
Project("{FAE04EC0-301F-11D3-BF4B-00C04F79EFBC}") = "UnityEditor.UI", "UnityEditor.UI.csproj", "{337BD4BA-AA0A-EBAF-AECF-74818DDD7C40}"
EndProject
Project("{FAE04EC0-301F-11D3-BF4B-00C04F79EFBC}") = "Unity.Timeline.Editor", "Unity.Timeline.Editor.csproj", "{025B1E11-F08A-37B0-6EC0-2DEA8C6C8DD5}"
EndProject
Project("{FAE04EC0-301F-11D3-BF4B-00C04F79EFBC}") = "Unity.VisualStudio.Editor", "Unity.VisualStudio.Editor.csproj", "{49B180F2-EBC0-2DAC-4E2F-F96633260777}"
EndProject
Project("{FAE04EC0-301F-11D3-BF4B-00C04F79EFBC}") = "Unity.2D.Psdimporter.Editor", "Unity.2D.Psdimporter.Editor.csproj", "{E3FE53FE-38CC-594B-8738-387287F4A30F}"
EndProject
Project("{FAE04EC0-301F-11D3-BF4B-00C04F79EFBC}") = "Unity.2D.Animation.Editor", "Unity.2D.Animation.Editor.csproj", "{404FB70D-BF66-0590-4FCB-A357FFB2192F}"
EndProject
Project("{FAE04EC0-301F-11D3-BF4B-00C04F79EFBC}") = "Unity.TextMeshPro.Editor", "Unity.TextMeshPro.Editor.csproj", "{231B6244-A4D7-354A-807D-B8DAD5450B48}"
EndProject
Project("{FAE04EC0-301F-11D3-BF4B-00C04F79EFBC}") = "Unity.2D.SpriteShape.Editor", "Unity.2D.SpriteShape.Editor.csproj", "{CA54D741-B1C1-DC7C-4B1B-FB23F7C60BAF}"
EndProject
Project("{FAE04EC0-301F-11D3-BF4B-00C04F79EFBC}") = "Unity.CollabProxy.Editor", "Unity.CollabProxy.Editor.csproj", "{12321624-85C5-33A8-44CE-B9ADADBCAC64}"
EndProject
Project("{FAE04EC0-301F-11D3-BF4B-00C04F79EFBC}") = "PsdPlugin", "PsdPlugin.csproj", "{22762761-140D-17BD-8B77-FB9B4B01087D}"
EndProject
Project("{FAE04EC0-301F-11D3-BF4B-00C04F79EFBC}") = "Unity.2D.Path.Editor", "Unity.2D.Path.Editor.csproj", "{C1515E1E-EF8D-6F1E-24B4-4BCCBAFD1B09}"
EndProject
Project("{FAE04EC0-301F-11D3-BF4B-00C04F79EFBC}") = "Unity.Rider.Editor", "Unity.Rider.Editor.csproj", "{4E99109D-9609-701E-5F37-21129D30EE33}"
EndProject
Project("{FAE04EC0-301F-11D3-BF4B-00C04F79EFBC}") = "Unity.2D.IK.Editor", "Unity.2D.IK.Editor.csproj", "{651270BB-D554-3C7B-A7AF-FE356F6BA419}"
EndProject
Project("{FAE04EC0-301F-11D3-BF4B-00C04F79EFBC}") = "Unity.2D.Sprite.Editor", "Unity.2D.Sprite.Editor.csproj", "{A32572EC-6688-279E-CC55-42A4DA654FFB}"
EndProject
Project("{FAE04EC0-301F-11D3-BF4B-00C04F79EFBC}") = "Unity.2D.Tilemap.Editor", "Unity.2D.Tilemap.Editor.csproj", "{6AAD65A4-3E2F-ADDE-C700-5F814CD75D75}"
EndProject
Project("{FAE04EC0-301F-11D3-BF4B-00C04F79EFBC}") = "Unity.2D.PixelPerfect.Editor", "Unity.2D.PixelPerfect.Editor.csproj", "{75E0E649-F2DA-5841-3326-94230FAB2D64}"
EndProject
Project("{FAE04EC0-301F-11D3-BF4B-00C04F79EFBC}") = "Unity.VSCode.Editor", "Unity.VSCode.Editor.csproj", "{5E2BC8E0-73C7-43EA-3733-768A5B021B7B}"
EndProject
Project("{FAE04EC0-301F-11D3-BF4B-00C04F79EFBC}") = "Unity.2D.Common.Editor", "Unity.2D.Common.Editor.csproj", "{2A6E790F-9D99-F620-8C7D-8C3282BF33B1}"
EndProject
Project("{FAE04EC0-301F-11D3-BF4B-00C04F79EFBC}") = "Unity.Mathematics.Editor", "Unity.Mathematics.Editor.csproj", "{6A6D50DC-7C51-F08E-F0BE-0F6AD24CDE1F}"
EndProject
Project("{FAE04EC0-301F-11D3-BF4B-00C04F79EFBC}") = "Unity.InternalAPIEditorBridge.001", "Unity.InternalAPIEditorBridge.001.csproj", "{E5703ABF-35D8-09C6-68A5-64D52EFED949}"
EndProject
Project("{FAE04EC0-301F-11D3-BF4B-00C04F79EFBC}") = "UnityEngine.UI", "UnityEngine.UI.Player.csproj", "{D0483DB2-1DFA-340F-811F-65328FC6C7AA}"
EndProject
Project("{FAE04EC0-301F-11D3-BF4B-00C04F79EFBC}") = "UnityEngine.TestRunner", "UnityEngine.TestRunner.Player.csproj", "{4FFB0096-5E81-49FE-F0A3-4350E5ED0D96}"
EndProject
Project("{FAE04EC0-301F-11D3-BF4B-00C04F79EFBC}") = "Unity.Mathematics", "Unity.Mathematics.Player.csproj", "{C5EA5FEA-22D8-4254-C598-90D006D6CF61}"
EndProject
Project("{FAE04EC0-301F-11D3-BF4B-00C04F79EFBC}") = "Unity.2D.Animation.Triangle.Runtime", "Unity.2D.Animation.Triangle.Runtime.Player.csproj", "{6DD31441-51B0-A2E8-FC62-78A7D0B1A218}"
EndProject
Project("{FAE04EC0-301F-11D3-BF4B-00C04F79EFBC}") = "Unity.Timeline", "Unity.Timeline.Player.csproj", "{56B2999A-510E-0A20-4B9C-E33EE0CC04FC}"
EndProject
Project("{FAE04EC0-301F-11D3-BF4B-00C04F79EFBC}") = "Unity.TextMeshPro", "Unity.TextMeshPro.Player.csproj", "{60ACAE13-210E-B0A0-BF1C-2E5B9E6E8161}"
EndProject
Project("{FAE04EC0-301F-11D3-BF4B-00C04F79EFBC}") = "Unity.2D.Animation.Runtime", "Unity.2D.Animation.Runtime.Player.csproj", "{0C322F17-E152-B7F3-F5DD-14A64F7EDA26}"
EndProject
Project("{FAE04EC0-301F-11D3-BF4B-00C04F79EFBC}") = "Assembly-CSharp", "Assembly-CSharp.Player.csproj", "{B5C53DA7-5968-9235-EFA5-5E38949C3891}"
EndProject
Project("{FAE04EC0-301F-11D3-BF4B-00C04F79EFBC}") = "Unity.2D.IK.Runtime", "Unity.2D.IK.Runtime.Player.csproj", "{ED201539-5E4E-1B1C-7692-58E4AC0FB49E}"
EndProject
Project("{FAE04EC0-301F-11D3-BF4B-00C04F79EFBC}") = "Unity.2D.SpriteShape.Runtime", "Unity.2D.SpriteShape.Runtime.Player.csproj", "{90EBC9B0-6775-DDB7-5236-00EA3AD2C718}"
EndProject
Project("{FAE04EC0-301F-11D3-BF4B-00C04F79EFBC}") = "Unity.2D.PixelPerfect", "Unity.2D.PixelPerfect.Player.csproj", "{51E470E6-842A-127D-7455-8698B1EF9AAB}"
EndProject
Project("{FAE04EC0-301F-11D3-BF4B-00C04F79EFBC}") = "Unity.2D.Common.Runtime", "Unity.2D.Common.Runtime.Player.csproj", "{B3137582-D2E5-79F2-F633-BCDE7E5188BE}"
EndProject
Project("{FAE04EC0-301F-11D3-BF4B-00C04F79EFBC}") = "Unity.InternalAPIEngineBridge.001", "Unity.InternalAPIEngineBridge.001.Player.csproj", "{BD1796C0-E52B-C818-8061-1C365548DA2E}"
EndProject
Global
	GlobalSection(SolutionConfigurationPlatforms) = preSolution
		Debug|Any CPU = Debug|Any CPU
		Release|Any CPU = Release|Any CPU
	EndGlobalSection
	GlobalSection(ProjectConfigurationPlatforms) = postSolution
		{1986B815-E22A-519A-9B3D-17A9DE3E2266}.Debug|Any CPU.ActiveCfg = Debug|Any CPU
		{1986B815-E22A-519A-9B3D-17A9DE3E2266}.Debug|Any CPU.Build.0 = Debug|Any CPU
		{1986B815-E22A-519A-9B3D-17A9DE3E2266}.Release|Any CPU.ActiveCfg = Release|Any CPU
		{1986B815-E22A-519A-9B3D-17A9DE3E2266}.Release|Any CPU.Build.0 = Release|Any CPU
		{8D38678F-0661-183F-E062-65006C970B0B}.Debug|Any CPU.ActiveCfg = Debug|Any CPU
		{8D38678F-0661-183F-E062-65006C970B0B}.Debug|Any CPU.Build.0 = Debug|Any CPU
		{8D38678F-0661-183F-E062-65006C970B0B}.Release|Any CPU.ActiveCfg = Release|Any CPU
		{8D38678F-0661-183F-E062-65006C970B0B}.Release|Any CPU.Build.0 = Release|Any CPU
		{C482951C-2B3F-80B0-AAF0-5EB4E1B0EFBC}.Debug|Any CPU.ActiveCfg = Debug|Any CPU
		{C482951C-2B3F-80B0-AAF0-5EB4E1B0EFBC}.Debug|Any CPU.Build.0 = Debug|Any CPU
		{C482951C-2B3F-80B0-AAF0-5EB4E1B0EFBC}.Release|Any CPU.ActiveCfg = Release|Any CPU
		{C482951C-2B3F-80B0-AAF0-5EB4E1B0EFBC}.Release|Any CPU.Build.0 = Release|Any CPU
		{B990F547-A590-3B2D-2031-B329441776C4}.Debug|Any CPU.ActiveCfg = Debug|Any CPU
		{B990F547-A590-3B2D-2031-B329441776C4}.Debug|Any CPU.Build.0 = Debug|Any CPU
		{B990F547-A590-3B2D-2031-B329441776C4}.Release|Any CPU.ActiveCfg = Release|Any CPU
		{B990F547-A590-3B2D-2031-B329441776C4}.Release|Any CPU.Build.0 = Release|Any CPU
		{FBDAD7FF-F948-6ECF-FFD3-220658DB933C}.Debug|Any CPU.ActiveCfg = Debug|Any CPU
		{FBDAD7FF-F948-6ECF-FFD3-220658DB933C}.Debug|Any CPU.Build.0 = Debug|Any CPU
		{FBDAD7FF-F948-6ECF-FFD3-220658DB933C}.Release|Any CPU.ActiveCfg = Release|Any CPU
		{FBDAD7FF-F948-6ECF-FFD3-220658DB933C}.Release|Any CPU.Build.0 = Release|Any CPU
		{F12CF8F8-783C-F471-5BA6-96AAD5DF79DD}.Debug|Any CPU.ActiveCfg = Debug|Any CPU
		{F12CF8F8-783C-F471-5BA6-96AAD5DF79DD}.Debug|Any CPU.Build.0 = Debug|Any CPU
		{F12CF8F8-783C-F471-5BA6-96AAD5DF79DD}.Release|Any CPU.ActiveCfg = Release|Any CPU
		{F12CF8F8-783C-F471-5BA6-96AAD5DF79DD}.Release|Any CPU.Build.0 = Release|Any CPU
		{AB5CA1F0-3E29-9334-8288-95BEDB879203}.Debug|Any CPU.ActiveCfg = Debug|Any CPU
		{AB5CA1F0-3E29-9334-8288-95BEDB879203}.Debug|Any CPU.Build.0 = Debug|Any CPU
		{AB5CA1F0-3E29-9334-8288-95BEDB879203}.Release|Any CPU.ActiveCfg = Release|Any CPU
		{AB5CA1F0-3E29-9334-8288-95BEDB879203}.Release|Any CPU.Build.0 = Release|Any CPU
		{1FD13CAC-9B5B-91F6-F7C6-556D34235A92}.Debug|Any CPU.ActiveCfg = Debug|Any CPU
		{1FD13CAC-9B5B-91F6-F7C6-556D34235A92}.Debug|Any CPU.Build.0 = Debug|Any CPU
		{1FD13CAC-9B5B-91F6-F7C6-556D34235A92}.Release|Any CPU.ActiveCfg = Release|Any CPU
		{1FD13CAC-9B5B-91F6-F7C6-556D34235A92}.Release|Any CPU.Build.0 = Release|Any CPU
		{7437B264-8EEF-A7EB-EA1A-784D7894A1B4}.Debug|Any CPU.ActiveCfg = Debug|Any CPU
		{7437B264-8EEF-A7EB-EA1A-784D7894A1B4}.Debug|Any CPU.Build.0 = Debug|Any CPU
		{7437B264-8EEF-A7EB-EA1A-784D7894A1B4}.Release|Any CPU.ActiveCfg = Release|Any CPU
		{7437B264-8EEF-A7EB-EA1A-784D7894A1B4}.Release|Any CPU.Build.0 = Release|Any CPU
		{05BE6256-9E2F-CBB3-85A8-15A6411E2247}.Debug|Any CPU.ActiveCfg = Debug|Any CPU
		{05BE6256-9E2F-CBB3-85A8-15A6411E2247}.Debug|Any CPU.Build.0 = Debug|Any CPU
		{05BE6256-9E2F-CBB3-85A8-15A6411E2247}.Release|Any CPU.ActiveCfg = Release|Any CPU
		{05BE6256-9E2F-CBB3-85A8-15A6411E2247}.Release|Any CPU.Build.0 = Release|Any CPU
		{1A81067E-ED44-8836-D822-1F2035C0897A}.Debug|Any CPU.ActiveCfg = Debug|Any CPU
		{1A81067E-ED44-8836-D822-1F2035C0897A}.Debug|Any CPU.Build.0 = Debug|Any CPU
		{1A81067E-ED44-8836-D822-1F2035C0897A}.Release|Any CPU.ActiveCfg = Release|Any CPU
		{1A81067E-ED44-8836-D822-1F2035C0897A}.Release|Any CPU.Build.0 = Release|Any CPU
		{D7A69A82-DD6B-614C-EBA7-D4C86E1AB7DE}.Debug|Any CPU.ActiveCfg = Debug|Any CPU
		{D7A69A82-DD6B-614C-EBA7-D4C86E1AB7DE}.Debug|Any CPU.Build.0 = Debug|Any CPU
		{D7A69A82-DD6B-614C-EBA7-D4C86E1AB7DE}.Release|Any CPU.ActiveCfg = Release|Any CPU
		{D7A69A82-DD6B-614C-EBA7-D4C86E1AB7DE}.Release|Any CPU.Build.0 = Release|Any CPU
		{F4FBC017-30B9-2F47-D7D1-6AA3A36D8F35}.Debug|Any CPU.ActiveCfg = Debug|Any CPU
		{F4FBC017-30B9-2F47-D7D1-6AA3A36D8F35}.Debug|Any CPU.Build.0 = Debug|Any CPU
		{F4FBC017-30B9-2F47-D7D1-6AA3A36D8F35}.Release|Any CPU.ActiveCfg = Release|Any CPU
		{F4FBC017-30B9-2F47-D7D1-6AA3A36D8F35}.Release|Any CPU.Build.0 = Release|Any CPU
		{8E926F6D-E646-FBBD-9687-95C062068486}.Debug|Any CPU.ActiveCfg = Debug|Any CPU
		{8E926F6D-E646-FBBD-9687-95C062068486}.Debug|Any CPU.Build.0 = Debug|Any CPU
		{8E926F6D-E646-FBBD-9687-95C062068486}.Release|Any CPU.ActiveCfg = Release|Any CPU
		{8E926F6D-E646-FBBD-9687-95C062068486}.Release|Any CPU.Build.0 = Release|Any CPU
		{6C539421-E9FA-C774-D908-D55D4429EA46}.Debug|Any CPU.ActiveCfg = Debug|Any CPU
		{6C539421-E9FA-C774-D908-D55D4429EA46}.Debug|Any CPU.Build.0 = Debug|Any CPU
		{6C539421-E9FA-C774-D908-D55D4429EA46}.Release|Any CPU.ActiveCfg = Release|Any CPU
		{6C539421-E9FA-C774-D908-D55D4429EA46}.Release|Any CPU.Build.0 = Release|Any CPU
		{337BD4BA-AA0A-EBAF-AECF-74818DDD7C40}.Debug|Any CPU.ActiveCfg = Debug|Any CPU
		{337BD4BA-AA0A-EBAF-AECF-74818DDD7C40}.Debug|Any CPU.Build.0 = Debug|Any CPU
		{337BD4BA-AA0A-EBAF-AECF-74818DDD7C40}.Release|Any CPU.ActiveCfg = Release|Any CPU
		{337BD4BA-AA0A-EBAF-AECF-74818DDD7C40}.Release|Any CPU.Build.0 = Release|Any CPU
		{025B1E11-F08A-37B0-6EC0-2DEA8C6C8DD5}.Debug|Any CPU.ActiveCfg = Debug|Any CPU
		{025B1E11-F08A-37B0-6EC0-2DEA8C6C8DD5}.Debug|Any CPU.Build.0 = Debug|Any CPU
		{025B1E11-F08A-37B0-6EC0-2DEA8C6C8DD5}.Release|Any CPU.ActiveCfg = Release|Any CPU
		{025B1E11-F08A-37B0-6EC0-2DEA8C6C8DD5}.Release|Any CPU.Build.0 = Release|Any CPU
		{49B180F2-EBC0-2DAC-4E2F-F96633260777}.Debug|Any CPU.ActiveCfg = Debug|Any CPU
		{49B180F2-EBC0-2DAC-4E2F-F96633260777}.Debug|Any CPU.Build.0 = Debug|Any CPU
		{49B180F2-EBC0-2DAC-4E2F-F96633260777}.Release|Any CPU.ActiveCfg = Release|Any CPU
		{49B180F2-EBC0-2DAC-4E2F-F96633260777}.Release|Any CPU.Build.0 = Release|Any CPU
		{E3FE53FE-38CC-594B-8738-387287F4A30F}.Debug|Any CPU.ActiveCfg = Debug|Any CPU
		{E3FE53FE-38CC-594B-8738-387287F4A30F}.Debug|Any CPU.Build.0 = Debug|Any CPU
		{E3FE53FE-38CC-594B-8738-387287F4A30F}.Release|Any CPU.ActiveCfg = Release|Any CPU
		{E3FE53FE-38CC-594B-8738-387287F4A30F}.Release|Any CPU.Build.0 = Release|Any CPU
		{404FB70D-BF66-0590-4FCB-A357FFB2192F}.Debug|Any CPU.ActiveCfg = Debug|Any CPU
		{404FB70D-BF66-0590-4FCB-A357FFB2192F}.Debug|Any CPU.Build.0 = Debug|Any CPU
		{404FB70D-BF66-0590-4FCB-A357FFB2192F}.Release|Any CPU.ActiveCfg = Release|Any CPU
		{404FB70D-BF66-0590-4FCB-A357FFB2192F}.Release|Any CPU.Build.0 = Release|Any CPU
		{231B6244-A4D7-354A-807D-B8DAD5450B48}.Debug|Any CPU.ActiveCfg = Debug|Any CPU
		{231B6244-A4D7-354A-807D-B8DAD5450B48}.Debug|Any CPU.Build.0 = Debug|Any CPU
		{231B6244-A4D7-354A-807D-B8DAD5450B48}.Release|Any CPU.ActiveCfg = Release|Any CPU
		{231B6244-A4D7-354A-807D-B8DAD5450B48}.Release|Any CPU.Build.0 = Release|Any CPU
		{CA54D741-B1C1-DC7C-4B1B-FB23F7C60BAF}.Debug|Any CPU.ActiveCfg = Debug|Any CPU
		{CA54D741-B1C1-DC7C-4B1B-FB23F7C60BAF}.Debug|Any CPU.Build.0 = Debug|Any CPU
		{CA54D741-B1C1-DC7C-4B1B-FB23F7C60BAF}.Release|Any CPU.ActiveCfg = Release|Any CPU
		{CA54D741-B1C1-DC7C-4B1B-FB23F7C60BAF}.Release|Any CPU.Build.0 = Release|Any CPU
		{12321624-85C5-33A8-44CE-B9ADADBCAC64}.Debug|Any CPU.ActiveCfg = Debug|Any CPU
		{12321624-85C5-33A8-44CE-B9ADADBCAC64}.Debug|Any CPU.Build.0 = Debug|Any CPU
		{12321624-85C5-33A8-44CE-B9ADADBCAC64}.Release|Any CPU.ActiveCfg = Release|Any CPU
		{12321624-85C5-33A8-44CE-B9ADADBCAC64}.Release|Any CPU.Build.0 = Release|Any CPU
		{22762761-140D-17BD-8B77-FB9B4B01087D}.Debug|Any CPU.ActiveCfg = Debug|Any CPU
		{22762761-140D-17BD-8B77-FB9B4B01087D}.Debug|Any CPU.Build.0 = Debug|Any CPU
		{22762761-140D-17BD-8B77-FB9B4B01087D}.Release|Any CPU.ActiveCfg = Release|Any CPU
		{22762761-140D-17BD-8B77-FB9B4B01087D}.Release|Any CPU.Build.0 = Release|Any CPU
		{C1515E1E-EF8D-6F1E-24B4-4BCCBAFD1B09}.Debug|Any CPU.ActiveCfg = Debug|Any CPU
		{C1515E1E-EF8D-6F1E-24B4-4BCCBAFD1B09}.Debug|Any CPU.Build.0 = Debug|Any CPU
		{C1515E1E-EF8D-6F1E-24B4-4BCCBAFD1B09}.Release|Any CPU.ActiveCfg = Release|Any CPU
		{C1515E1E-EF8D-6F1E-24B4-4BCCBAFD1B09}.Release|Any CPU.Build.0 = Release|Any CPU
		{4E99109D-9609-701E-5F37-21129D30EE33}.Debug|Any CPU.ActiveCfg = Debug|Any CPU
		{4E99109D-9609-701E-5F37-21129D30EE33}.Debug|Any CPU.Build.0 = Debug|Any CPU
		{4E99109D-9609-701E-5F37-21129D30EE33}.Release|Any CPU.ActiveCfg = Release|Any CPU
		{4E99109D-9609-701E-5F37-21129D30EE33}.Release|Any CPU.Build.0 = Release|Any CPU
		{651270BB-D554-3C7B-A7AF-FE356F6BA419}.Debug|Any CPU.ActiveCfg = Debug|Any CPU
		{651270BB-D554-3C7B-A7AF-FE356F6BA419}.Debug|Any CPU.Build.0 = Debug|Any CPU
		{651270BB-D554-3C7B-A7AF-FE356F6BA419}.Release|Any CPU.ActiveCfg = Release|Any CPU
		{651270BB-D554-3C7B-A7AF-FE356F6BA419}.Release|Any CPU.Build.0 = Release|Any CPU
		{A32572EC-6688-279E-CC55-42A4DA654FFB}.Debug|Any CPU.ActiveCfg = Debug|Any CPU
		{A32572EC-6688-279E-CC55-42A4DA654FFB}.Debug|Any CPU.Build.0 = Debug|Any CPU
		{A32572EC-6688-279E-CC55-42A4DA654FFB}.Release|Any CPU.ActiveCfg = Release|Any CPU
		{A32572EC-6688-279E-CC55-42A4DA654FFB}.Release|Any CPU.Build.0 = Release|Any CPU
		{6AAD65A4-3E2F-ADDE-C700-5F814CD75D75}.Debug|Any CPU.ActiveCfg = Debug|Any CPU
		{6AAD65A4-3E2F-ADDE-C700-5F814CD75D75}.Debug|Any CPU.Build.0 = Debug|Any CPU
		{6AAD65A4-3E2F-ADDE-C700-5F814CD75D75}.Release|Any CPU.ActiveCfg = Release|Any CPU
		{6AAD65A4-3E2F-ADDE-C700-5F814CD75D75}.Release|Any CPU.Build.0 = Release|Any CPU
		{75E0E649-F2DA-5841-3326-94230FAB2D64}.Debug|Any CPU.ActiveCfg = Debug|Any CPU
		{75E0E649-F2DA-5841-3326-94230FAB2D64}.Debug|Any CPU.Build.0 = Debug|Any CPU
		{75E0E649-F2DA-5841-3326-94230FAB2D64}.Release|Any CPU.ActiveCfg = Release|Any CPU
		{75E0E649-F2DA-5841-3326-94230FAB2D64}.Release|Any CPU.Build.0 = Release|Any CPU
		{5E2BC8E0-73C7-43EA-3733-768A5B021B7B}.Debug|Any CPU.ActiveCfg = Debug|Any CPU
		{5E2BC8E0-73C7-43EA-3733-768A5B021B7B}.Debug|Any CPU.Build.0 = Debug|Any CPU
		{5E2BC8E0-73C7-43EA-3733-768A5B021B7B}.Release|Any CPU.ActiveCfg = Release|Any CPU
		{5E2BC8E0-73C7-43EA-3733-768A5B021B7B}.Release|Any CPU.Build.0 = Release|Any CPU
		{2A6E790F-9D99-F620-8C7D-8C3282BF33B1}.Debug|Any CPU.ActiveCfg = Debug|Any CPU
		{2A6E790F-9D99-F620-8C7D-8C3282BF33B1}.Debug|Any CPU.Build.0 = Debug|Any CPU
		{2A6E790F-9D99-F620-8C7D-8C3282BF33B1}.Release|Any CPU.ActiveCfg = Release|Any CPU
		{2A6E790F-9D99-F620-8C7D-8C3282BF33B1}.Release|Any CPU.Build.0 = Release|Any CPU
		{6A6D50DC-7C51-F08E-F0BE-0F6AD24CDE1F}.Debug|Any CPU.ActiveCfg = Debug|Any CPU
		{6A6D50DC-7C51-F08E-F0BE-0F6AD24CDE1F}.Debug|Any CPU.Build.0 = Debug|Any CPU
		{6A6D50DC-7C51-F08E-F0BE-0F6AD24CDE1F}.Release|Any CPU.ActiveCfg = Release|Any CPU
		{6A6D50DC-7C51-F08E-F0BE-0F6AD24CDE1F}.Release|Any CPU.Build.0 = Release|Any CPU
		{E5703ABF-35D8-09C6-68A5-64D52EFED949}.Debug|Any CPU.ActiveCfg = Debug|Any CPU
		{E5703ABF-35D8-09C6-68A5-64D52EFED949}.Debug|Any CPU.Build.0 = Debug|Any CPU
		{E5703ABF-35D8-09C6-68A5-64D52EFED949}.Release|Any CPU.ActiveCfg = Release|Any CPU
		{E5703ABF-35D8-09C6-68A5-64D52EFED949}.Release|Any CPU.Build.0 = Release|Any CPU
		{D0483DB2-1DFA-340F-811F-65328FC6C7AA}.Debug|Any CPU.ActiveCfg = Debug|Any CPU
		{D0483DB2-1DFA-340F-811F-65328FC6C7AA}.Debug|Any CPU.Build.0 = Debug|Any CPU
		{D0483DB2-1DFA-340F-811F-65328FC6C7AA}.Release|Any CPU.ActiveCfg = Release|Any CPU
		{D0483DB2-1DFA-340F-811F-65328FC6C7AA}.Release|Any CPU.Build.0 = Release|Any CPU
		{4FFB0096-5E81-49FE-F0A3-4350E5ED0D96}.Debug|Any CPU.ActiveCfg = Debug|Any CPU
		{4FFB0096-5E81-49FE-F0A3-4350E5ED0D96}.Debug|Any CPU.Build.0 = Debug|Any CPU
		{4FFB0096-5E81-49FE-F0A3-4350E5ED0D96}.Release|Any CPU.ActiveCfg = Release|Any CPU
		{4FFB0096-5E81-49FE-F0A3-4350E5ED0D96}.Release|Any CPU.Build.0 = Release|Any CPU
		{C5EA5FEA-22D8-4254-C598-90D006D6CF61}.Debug|Any CPU.ActiveCfg = Debug|Any CPU
		{C5EA5FEA-22D8-4254-C598-90D006D6CF61}.Debug|Any CPU.Build.0 = Debug|Any CPU
		{C5EA5FEA-22D8-4254-C598-90D006D6CF61}.Release|Any CPU.ActiveCfg = Release|Any CPU
		{C5EA5FEA-22D8-4254-C598-90D006D6CF61}.Release|Any CPU.Build.0 = Release|Any CPU
		{6DD31441-51B0-A2E8-FC62-78A7D0B1A218}.Debug|Any CPU.ActiveCfg = Debug|Any CPU
		{6DD31441-51B0-A2E8-FC62-78A7D0B1A218}.Debug|Any CPU.Build.0 = Debug|Any CPU
		{6DD31441-51B0-A2E8-FC62-78A7D0B1A218}.Release|Any CPU.ActiveCfg = Release|Any CPU
		{6DD31441-51B0-A2E8-FC62-78A7D0B1A218}.Release|Any CPU.Build.0 = Release|Any CPU
		{56B2999A-510E-0A20-4B9C-E33EE0CC04FC}.Debug|Any CPU.ActiveCfg = Debug|Any CPU
		{56B2999A-510E-0A20-4B9C-E33EE0CC04FC}.Debug|Any CPU.Build.0 = Debug|Any CPU
		{56B2999A-510E-0A20-4B9C-E33EE0CC04FC}.Release|Any CPU.ActiveCfg = Release|Any CPU
		{56B2999A-510E-0A20-4B9C-E33EE0CC04FC}.Release|Any CPU.Build.0 = Release|Any CPU
		{60ACAE13-210E-B0A0-BF1C-2E5B9E6E8161}.Debug|Any CPU.ActiveCfg = Debug|Any CPU
		{60ACAE13-210E-B0A0-BF1C-2E5B9E6E8161}.Debug|Any CPU.Build.0 = Debug|Any CPU
		{60ACAE13-210E-B0A0-BF1C-2E5B9E6E8161}.Release|Any CPU.ActiveCfg = Release|Any CPU
		{60ACAE13-210E-B0A0-BF1C-2E5B9E6E8161}.Release|Any CPU.Build.0 = Release|Any CPU
		{0C322F17-E152-B7F3-F5DD-14A64F7EDA26}.Debug|Any CPU.ActiveCfg = Debug|Any CPU
		{0C322F17-E152-B7F3-F5DD-14A64F7EDA26}.Debug|Any CPU.Build.0 = Debug|Any CPU
		{0C322F17-E152-B7F3-F5DD-14A64F7EDA26}.Release|Any CPU.ActiveCfg = Release|Any CPU
		{0C322F17-E152-B7F3-F5DD-14A64F7EDA26}.Release|Any CPU.Build.0 = Release|Any CPU
		{B5C53DA7-5968-9235-EFA5-5E38949C3891}.Debug|Any CPU.ActiveCfg = Debug|Any CPU
		{B5C53DA7-5968-9235-EFA5-5E38949C3891}.Debug|Any CPU.Build.0 = Debug|Any CPU
		{B5C53DA7-5968-9235-EFA5-5E38949C3891}.Release|Any CPU.ActiveCfg = Release|Any CPU
		{B5C53DA7-5968-9235-EFA5-5E38949C3891}.Release|Any CPU.Build.0 = Release|Any CPU
		{ED201539-5E4E-1B1C-7692-58E4AC0FB49E}.Debug|Any CPU.ActiveCfg = Debug|Any CPU
		{ED201539-5E4E-1B1C-7692-58E4AC0FB49E}.Debug|Any CPU.Build.0 = Debug|Any CPU
		{ED201539-5E4E-1B1C-7692-58E4AC0FB49E}.Release|Any CPU.ActiveCfg = Release|Any CPU
		{ED201539-5E4E-1B1C-7692-58E4AC0FB49E}.Release|Any CPU.Build.0 = Release|Any CPU
		{90EBC9B0-6775-DDB7-5236-00EA3AD2C718}.Debug|Any CPU.ActiveCfg = Debug|Any CPU
		{90EBC9B0-6775-DDB7-5236-00EA3AD2C718}.Debug|Any CPU.Build.0 = Debug|Any CPU
		{90EBC9B0-6775-DDB7-5236-00EA3AD2C718}.Release|Any CPU.ActiveCfg = Release|Any CPU
		{90EBC9B0-6775-DDB7-5236-00EA3AD2C718}.Release|Any CPU.Build.0 = Release|Any CPU
		{51E470E6-842A-127D-7455-8698B1EF9AAB}.Debug|Any CPU.ActiveCfg = Debug|Any CPU
		{51E470E6-842A-127D-7455-8698B1EF9AAB}.Debug|Any CPU.Build.0 = Debug|Any CPU
		{51E470E6-842A-127D-7455-8698B1EF9AAB}.Release|Any CPU.ActiveCfg = Release|Any CPU
		{51E470E6-842A-127D-7455-8698B1EF9AAB}.Release|Any CPU.Build.0 = Release|Any CPU
		{B3137582-D2E5-79F2-F633-BCDE7E5188BE}.Debug|Any CPU.ActiveCfg = Debug|Any CPU
		{B3137582-D2E5-79F2-F633-BCDE7E5188BE}.Debug|Any CPU.Build.0 = Debug|Any CPU
		{B3137582-D2E5-79F2-F633-BCDE7E5188BE}.Release|Any CPU.ActiveCfg = Release|Any CPU
		{B3137582-D2E5-79F2-F633-BCDE7E5188BE}.Release|Any CPU.Build.0 = Release|Any CPU
		{BD1796C0-E52B-C818-8061-1C365548DA2E}.Debug|Any CPU.ActiveCfg = Debug|Any CPU
		{BD1796C0-E52B-C818-8061-1C365548DA2E}.Debug|Any CPU.Build.0 = Debug|Any CPU
		{BD1796C0-E52B-C818-8061-1C365548DA2E}.Release|Any CPU.ActiveCfg = Release|Any CPU
		{BD1796C0-E52B-C818-8061-1C365548DA2E}.Release|Any CPU.Build.0 = Release|Any CPU
	EndGlobalSection
	GlobalSection(SolutionProperties) = preSolution
		HideSolutionNode = FALSE
	EndGlobalSection
EndGlobal
