
Microsoft Visual Studio Solution File, Format Version 11.00
# Visual Studio 2010
Project("{FAE04EC0-301F-11D3-BF4B-00C04F79EFBC}") = "UnityEngine.UI", "UnityEngine.UI.csproj", "{1986B815-E22A-519A-9B3D-17A9DE3E2266}"
EndProject
Project("{FAE04EC0-301F-11D3-BF4B-00C04F79EFBC}") = "Unity.2D.PixelPerfect.Tests", "Unity.2D.PixelPerfect.Tests.csproj", "{E6C8825D-9E56-3A71-805E-683E56AE1037}"
EndProject
Project("{FAE04EC0-301F-11D3-BF4B-00C04F79EFBC}") = "UnityEngine.TestRunner", "UnityEngine.TestRunner.csproj", "{8D38678F-0661-183F-E062-65006C970B0B}"
EndProject
Project("{FAE04EC0-301F-11D3-BF4B-00C04F79EFBC}") = "Unity.Mathematics", "Unity.Mathematics.csproj", "{C482951C-2B3F-80B0-AAF0-5EB4E1B0EFBC}"
EndProject
Project("{FAE04EC0-301F-11D3-BF4B-00C04F79EFBC}") = "Unity.2D.Animation.Triangle.Runtime", "Unity.2D.Animation.Triangle.Runtime.csproj", "{B990F547-A590-3B2D-2031-B329441776C4}"
EndProject
Project("{FAE04EC0-301F-11D3-BF4B-00C04F79EFBC}") = "UnityEngine.UI.Tests", "UnityEngine.UI.Tests.csproj", "{4EDD9089-6A68-BBA5-50F9-98003862B9D9}"
EndProject
Project("{FAE04EC0-301F-11D3-BF4B-00C04F79EFBC}") = "Unity.Timeline", "Unity.Timeline.csproj", "{FBDAD7FF-F948-6ECF-FFD3-220658DB933C}"
EndProject
Project("{FAE04EC0-301F-11D3-BF4B-00C04F79EFBC}") = "Unity.TextMeshPro", "Unity.TextMeshPro.csproj", "{F12CF8F8-783C-F471-5BA6-96AAD5DF79DD}"
EndProject
Project("{FAE04EC0-301F-11D3-BF4B-00C04F79EFBC}") = "Unity.2D.Animation.Runtime", "Unity.2D.Animation.Runtime.csproj", "{AB5CA1F0-3E29-9334-8288-95BEDB879203}"
EndProject
Project("{FAE04EC0-301F-11D3-BF4B-00C04F79EFBC}") = "Assembly-CSharp", "Assembly-CSharp.csproj", "{1FD13CAC-9B5B-91F6-F7C6-556D34235A92}"
EndProject
Project("{FAE04EC0-301F-11D3-BF4B-00C04F79EFBC}") = "Unity.2D.IK.Runtime", "Unity.2D.IK.Runtime.csproj", "{7437B264-8EEF-A7EB-EA1A-784D7894A1B4}"
EndProject
Project("{FAE04EC0-301F-11D3-BF4B-00C04F79EFBC}") = "Unity.2D.SpriteShape.Runtime", "Unity.2D.SpriteShape.Runtime.csproj", "{05BE6256-9E2F-CBB3-85A8-15A6411E2247}"
EndProject
Project("{FAE04EC0-301F-11D3-BF4B-00C04F79EFBC}") = "Unity.2D.PixelPerfect", "Unity.2D.PixelPerfect.csproj", "{1A81067E-ED44-8836-D822-1F2035C0897A}"
EndProject
Project("{FAE04EC0-301F-11D3-BF4B-00C04F79EFBC}") = "Unity.2D.Common.Runtime", "Unity.2D.Common.Runtime.csproj", "{D7A69A82-DD6B-614C-EBA7-D4C86E1AB7DE}"
EndProject
Project("{FAE04EC0-301F-11D3-BF4B-00C04F79EFBC}") = "Unity.TextMeshPro.Tests", "Unity.TextMeshPro.Tests.csproj", "{3C960CD7-E86B-52F4-ED6E-C17297FB635E}"
EndProject
Project("{FAE04EC0-301F-11D3-BF4B-00C04F79EFBC}") = "Unity.InternalAPIEngineBridge.001", "Unity.InternalAPIEngineBridge.001.csproj", "{F4FBC017-30B9-2F47-D7D1-6AA3A36D8F35}"
EndProject
Project("{FAE04EC0-301F-11D3-BF4B-00C04F79EFBC}") = "UnityEditor.TestRunner", "UnityEditor.TestRunner.csproj", "{8E926F6D-E646-FBBD-9687-95C062068486}"
EndProject
Project("{FAE04EC0-301F-11D3-BF4B-00C04F79EFBC}") = "Unity.PlasticSCM.Editor", "Unity.PlasticSCM.Editor.csproj", "{6C539421-E9FA-C774-D908-D55D4429EA46}"
EndProject
Project("{FAE04EC0-301F-11D3-BF4B-00C04F79EFBC}") = "UnityEditor.UI", "UnityEditor.UI.csproj", "{337BD4BA-AA0A-EBAF-AECF-74818DDD7C40}"
EndProject
Project("{FAE04EC0-301F-11D3-BF4B-00C04F79EFBC}") = "Unity.Timeline.Editor", "Unity.Timeline.Editor.csproj", "{025B1E11-F08A-37B0-6EC0-2DEA8C6C8DD5}"
EndProject
Project("{FAE04EC0-301F-11D3-BF4B-00C04F79EFBC}") = "Unity.VisualStudio.Editor", "Unity.VisualStudio.Editor.csproj", "{49B180F2-EBC0-2DAC-4E2F-F96633260777}"
EndProject
Project("{FAE04EC0-301F-11D3-BF4B-00C04F79EFBC}") = "Unity.2D.Psdimporter.Editor", "Unity.2D.Psdimporter.Editor.csproj", "{E3FE53FE-38CC-594B-8738-387287F4A30F}"
EndProject
Project("{FAE04EC0-301F-11D3-BF4B-00C04F79EFBC}") = "Unity.2D.Animation.Editor", "Unity.2D.Animation.Editor.csproj", "{404FB70D-BF66-0590-4FCB-A357FFB2192F}"
EndProject
Project("{FAE04EC0-301F-11D3-BF4B-00C04F79EFBC}") = "Unity.TextMeshPro.Editor", "Unity.TextMeshPro.Editor.csproj", "{231B6244-A4D7-354A-807D-B8DAD5450B48}"
EndProject
Project("{FAE04EC0-301F-11D3-BF4B-00C04F79EFBC}") = "Unity.2D.SpriteShape.Editor", "Unity.2D.SpriteShape.Editor.csproj", "{CA54D741-B1C1-DC7C-4B1B-FB23F7C60BAF}"
EndProject
Project("{FAE04EC0-301F-11D3-BF4B-00C04F79EFBC}") = "Unity.CollabProxy.Editor", "Unity.CollabProxy.Editor.csproj", "{12321624-85C5-33A8-44CE-B9ADADBCAC64}"
EndProject
Project("{FAE04EC0-301F-11D3-BF4B-00C04F79EFBC}") = "PsdPlugin", "PsdPlugin.csproj", "{22762761-140D-17BD-8B77-FB9B4B01087D}"
EndProject
Project("{FAE04EC0-301F-11D3-BF4B-00C04F79EFBC}") = "DocCodeExamples", "DocCodeExamples.csproj", "{99EC857C-E661-F8F5-319E-0015ED40C207}"
EndProject
Project("{FAE04EC0-301F-11D3-BF4B-00C04F79EFBC}") = "Unity.2D.Path.Editor", "Unity.2D.Path.Editor.csproj", "{C1515E1E-EF8D-6F1E-24B4-4BCCBAFD1B09}"
EndProject
Project("{FAE04EC0-301F-11D3-BF4B-00C04F79EFBC}") = "Unity.Mathematics.Tests", "Unity.Mathematics.Tests.csproj", "{8F02DEA9-3FA3-4EAA-F3BD-D1FE4AD97AF2}"
EndProject
Project("{FAE04EC0-301F-11D3-BF4B-00C04F79EFBC}") = "Unity.PlasticSCM.EditorTests", "Unity.PlasticSCM.EditorTests.csproj", "{1E91A23E-52EE-7998-F552-07B4A6FA1650}"
EndProject
Project("{FAE04EC0-301F-11D3-BF4B-00C04F79EFBC}") = "Unity.Rider.Editor", "Unity.Rider.Editor.csproj", "{4E99109D-9609-701E-5F37-21129D30EE33}"
EndProject
Project("{FAE04EC0-301F-11D3-BF4B-00C04F79EFBC}") = "UnityEditor.UI.EditorTests", "UnityEditor.UI.EditorTests.csproj", "{1B9ADFD3-B9C5-931F-8016-E58734F62319}"
EndProject
Project("{FAE04EC0-301F-11D3-BF4B-00C04F79EFBC}") = "Unity.CollabProxy.EditorTests", "Unity.CollabProxy.EditorTests.csproj", "{084193FA-421E-754D-15A1-51CF3378653E}"
EndProject
Project("{FAE04EC0-301F-11D3-BF4B-00C04F79EFBC}") = "Unity.2D.IK.Editor", "Unity.2D.IK.Editor.csproj", "{651270BB-D554-3C7B-A7AF-FE356F6BA419}"
EndProject
Project("{FAE04EC0-301F-11D3-BF4B-00C04F79EFBC}") = "Unity.2D.SpriteShape.EditorTests", "Unity.2D.SpriteShape.EditorTests.csproj", "{4C010DCE-1DB6-07A4-7D41-64F3EA03C4FC}"
EndProject
Project("{FAE04EC0-301F-11D3-BF4B-00C04F79EFBC}") = "Unity.2D.Sprite.Editor", "Unity.2D.Sprite.Editor.csproj", "{A32572EC-6688-279E-CC55-42A4DA654FFB}"
EndProject
Project("{FAE04EC0-301F-11D3-BF4B-00C04F79EFBC}") = "Unity.2D.Tilemap.Editor", "Unity.2D.Tilemap.Editor.csproj", "{6AAD65A4-3E2F-ADDE-C700-5F814CD75D75}"
EndProject
Project("{FAE04EC0-301F-11D3-BF4B-00C04F79EFBC}") = "Unity.2D.PixelPerfect.Editor", "Unity.2D.PixelPerfect.Editor.csproj", "{75E0E649-F2DA-5841-3326-94230FAB2D64}"
EndProject
Project("{FAE04EC0-301F-11D3-BF4B-00C04F79EFBC}") = "Unity.VSCode.Editor", "Unity.VSCode.Editor.csproj", "{5E2BC8E0-73C7-43EA-3733-768A5B021B7B}"
EndProject
Project("{FAE04EC0-301F-11D3-BF4B-00C04F79EFBC}") = "Unity.2D.Common.Editor", "Unity.2D.Common.Editor.csproj", "{2A6E790F-9D99-F620-8C7D-8C3282BF33B1}"
EndProject
Project("{FAE04EC0-301F-11D3-BF4B-00C04F79EFBC}") = "Unity.Mathematics.Editor", "Unity.Mathematics.Editor.csproj", "{6A6D50DC-7C51-F08E-F0BE-0F6AD24CDE1F}"
EndProject
Project("{FAE04EC0-301F-11D3-BF4B-00C04F79EFBC}") = "Unity.2D.PixelPerfect.Editor.Tests", "Unity.2D.PixelPerfect.Editor.Tests.csproj", "{661FE166-3EE6-7957-CFD5-FE6D6281C3FD}"
EndProject
Project("{FAE04EC0-301F-11D3-BF4B-00C04F79EFBC}") = "Unity.2D.Common.EditorTests", "Unity.2D.Common.EditorTests.csproj", "{954BA236-C163-D8B4-BC12-DE7CFD4D890B}"
EndProject
Project("{FAE04EC0-301F-11D3-BF4B-00C04F79EFBC}") = "Unity.2D.Path.Tests", "Unity.2D.Path.Tests.csproj", "{3C450D62-749F-EB34-5CEE-C936FA5949F1}"
EndProject
Project("{FAE04EC0-301F-11D3-BF4B-00C04F79EFBC}") = "Unity.InternalAPIEditorBridge.001", "Unity.InternalAPIEditorBridge.001.csproj", "{E5703ABF-35D8-09C6-68A5-64D52EFED949}"
EndProject
Project("{FAE04EC0-301F-11D3-BF4B-00C04F79EFBC}") = "Unity.2D.Tilemap.Package.EditorTests", "Unity.2D.Tilemap.Package.EditorTests.csproj", "{B6828CAA-70E3-312F-6444-C384B93266F2}"
EndProject
Project("{FAE04EC0-301F-11D3-BF4B-00C04F79EFBC}") = "Unity.2D.Psdimporter.EditorTests", "Unity.2D.Psdimporter.EditorTests.csproj", "{9B2681B7-7223-E29C-C707-6AE0312F1222}"
EndProject
Project("{FAE04EC0-301F-11D3-BF4B-00C04F79EFBC}") = "Unity.2D.Sprite.Package.EditorTests", "Unity.2D.Sprite.Package.EditorTests.csproj", "{D0BF329A-416C-1985-BB01-F1833E11C64C}"
EndProject
Project("{FAE04EC0-301F-11D3-BF4B-00C04F79EFBC}") = "Unity.TextMeshPro.Editor.Tests", "Unity.TextMeshPro.Editor.Tests.csproj", "{CD98689B-8F29-12C4-9ED7-2716CC275696}"
EndProject
Project("{FAE04EC0-301F-11D3-BF4B-00C04F79EFBC}") = "Unity.2D.Animation.EditorTests", "Unity.2D.Animation.EditorTests.csproj", "{0E6A9D08-A934-514B-E110-B804D58F2435}"
EndProject
Global
	GlobalSection(SolutionConfigurationPlatforms) = preSolution
		Debug|Any CPU = Debug|Any CPU
		Release|Any CPU = Release|Any CPU
	EndGlobalSection
	GlobalSection(ProjectConfigurationPlatforms) = postSolution
		{1986B815-E22A-519A-9B3D-17A9DE3E2266}.Debug|Any CPU.ActiveCfg = Debug|Any CPU
		{1986B815-E22A-519A-9B3D-17A9DE3E2266}.Debug|Any CPU.Build.0 = Debug|Any CPU
		{1986B815-E22A-519A-9B3D-17A9DE3E2266}.Release|Any CPU.ActiveCfg = Release|Any CPU
		{1986B815-E22A-519A-9B3D-17A9DE3E2266}.Release|Any CPU.Build.0 = Release|Any CPU
		{E6C8825D-9E56-3A71-805E-683E56AE1037}.Debug|Any CPU.ActiveCfg = Debug|Any CPU
		{E6C8825D-9E56-3A71-805E-683E56AE1037}.Debug|Any CPU.Build.0 = Debug|Any CPU
		{E6C8825D-9E56-3A71-805E-683E56AE1037}.Release|Any CPU.ActiveCfg = Release|Any CPU
		{E6C8825D-9E56-3A71-805E-683E56AE1037}.Release|Any CPU.Build.0 = Release|Any CPU
		{8D38678F-0661-183F-E062-65006C970B0B}.Debug|Any CPU.ActiveCfg = Debug|Any CPU
		{8D38678F-0661-183F-E062-65006C970B0B}.Debug|Any CPU.Build.0 = Debug|Any CPU
		{8D38678F-0661-183F-E062-65006C970B0B}.Release|Any CPU.ActiveCfg = Release|Any CPU
		{8D38678F-0661-183F-E062-65006C970B0B}.Release|Any CPU.Build.0 = Release|Any CPU
		{C482951C-2B3F-80B0-AAF0-5EB4E1B0EFBC}.Debug|Any CPU.ActiveCfg = Debug|Any CPU
		{C482951C-2B3F-80B0-AAF0-5EB4E1B0EFBC}.Debug|Any CPU.Build.0 = Debug|Any CPU
		{C482951C-2B3F-80B0-AAF0-5EB4E1B0EFBC}.Release|Any CPU.ActiveCfg = Release|Any CPU
		{C482951C-2B3F-80B0-AAF0-5EB4E1B0EFBC}.Release|Any CPU.Build.0 = Release|Any CPU
		{B990F547-A590-3B2D-2031-B329441776C4}.Debug|Any CPU.ActiveCfg = Debug|Any CPU
		{B990F547-A590-3B2D-2031-B329441776C4}.Debug|Any CPU.Build.0 = Debug|Any CPU
		{B990F547-A590-3B2D-2031-B329441776C4}.Release|Any CPU.ActiveCfg = Release|Any CPU
		{B990F547-A590-3B2D-2031-B329441776C4}.Release|Any CPU.Build.0 = Release|Any CPU
		{4EDD9089-6A68-BBA5-50F9-98003862B9D9}.Debug|Any CPU.ActiveCfg = Debug|Any CPU
		{4EDD9089-6A68-BBA5-50F9-98003862B9D9}.Debug|Any CPU.Build.0 = Debug|Any CPU
		{4EDD9089-6A68-BBA5-50F9-98003862B9D9}.Release|Any CPU.ActiveCfg = Release|Any CPU
		{4EDD9089-6A68-BBA5-50F9-98003862B9D9}.Release|Any CPU.Build.0 = Release|Any CPU
		{FBDAD7FF-F948-6ECF-FFD3-220658DB933C}.Debug|Any CPU.ActiveCfg = Debug|Any CPU
		{FBDAD7FF-F948-6ECF-FFD3-220658DB933C}.Debug|Any CPU.Build.0 = Debug|Any CPU
		{FBDAD7FF-F948-6ECF-FFD3-220658DB933C}.Release|Any CPU.ActiveCfg = Release|Any CPU
		{FBDAD7FF-F948-6ECF-FFD3-220658DB933C}.Release|Any CPU.Build.0 = Release|Any CPU
		{F12CF8F8-783C-F471-5BA6-96AAD5DF79DD}.Debug|Any CPU.ActiveCfg = Debug|Any CPU
		{F12CF8F8-783C-F471-5BA6-96AAD5DF79DD}.Debug|Any CPU.Build.0 = Debug|Any CPU
		{F12CF8F8-783C-F471-5BA6-96AAD5DF79DD}.Release|Any CPU.ActiveCfg = Release|Any CPU
		{F12CF8F8-783C-F471-5BA6-96AAD5DF79DD}.Release|Any CPU.Build.0 = Release|Any CPU
		{AB5CA1F0-3E29-9334-8288-95BEDB879203}.Debug|Any CPU.ActiveCfg = Debug|Any CPU
		{AB5CA1F0-3E29-9334-8288-95BEDB879203}.Debug|Any CPU.Build.0 = Debug|Any CPU
		{AB5CA1F0-3E29-9334-8288-95BEDB879203}.Release|Any CPU.ActiveCfg = Release|Any CPU
		{AB5CA1F0-3E29-9334-8288-95BEDB879203}.Release|Any CPU.Build.0 = Release|Any CPU
		{1FD13CAC-9B5B-91F6-F7C6-556D34235A92}.Debug|Any CPU.ActiveCfg = Debug|Any CPU
		{1FD13CAC-9B5B-91F6-F7C6-556D34235A92}.Debug|Any CPU.Build.0 = Debug|Any CPU
		{1FD13CAC-9B5B-91F6-F7C6-556D34235A92}.Release|Any CPU.ActiveCfg = Release|Any CPU
		{1FD13CAC-9B5B-91F6-F7C6-556D34235A92}.Release|Any CPU.Build.0 = Release|Any CPU
		{7437B264-8EEF-A7EB-EA1A-784D7894A1B4}.Debug|Any CPU.ActiveCfg = Debug|Any CPU
		{7437B264-8EEF-A7EB-EA1A-784D7894A1B4}.Debug|Any CPU.Build.0 = Debug|Any CPU
		{7437B264-8EEF-A7EB-EA1A-784D7894A1B4}.Release|Any CPU.ActiveCfg = Release|Any CPU
		{7437B264-8EEF-A7EB-EA1A-784D7894A1B4}.Release|Any CPU.Build.0 = Release|Any CPU
		{05BE6256-9E2F-CBB3-85A8-15A6411E2247}.Debug|Any CPU.ActiveCfg = Debug|Any CPU
		{05BE6256-9E2F-CBB3-85A8-15A6411E2247}.Debug|Any CPU.Build.0 = Debug|Any CPU
		{05BE6256-9E2F-CBB3-85A8-15A6411E2247}.Release|Any CPU.ActiveCfg = Release|Any CPU
		{05BE6256-9E2F-CBB3-85A8-15A6411E2247}.Release|Any CPU.Build.0 = Release|Any CPU
		{1A81067E-ED44-8836-D822-1F2035C0897A}.Debug|Any CPU.ActiveCfg = Debug|Any CPU
		{1A81067E-ED44-8836-D822-1F2035C0897A}.Debug|Any CPU.Build.0 = Debug|Any CPU
		{1A81067E-ED44-8836-D822-1F2035C0897A}.Release|Any CPU.ActiveCfg = Release|Any CPU
		{1A81067E-ED44-8836-D822-1F2035C0897A}.Release|Any CPU.Build.0 = Release|Any CPU
		{D7A69A82-DD6B-614C-EBA7-D4C86E1AB7DE}.Debug|Any CPU.ActiveCfg = Debug|Any CPU
		{D7A69A82-DD6B-614C-EBA7-D4C86E1AB7DE}.Debug|Any CPU.Build.0 = Debug|Any CPU
		{D7A69A82-DD6B-614C-EBA7-D4C86E1AB7DE}.Release|Any CPU.ActiveCfg = Release|Any CPU
		{D7A69A82-DD6B-614C-EBA7-D4C86E1AB7DE}.Release|Any CPU.Build.0 = Release|Any CPU
		{3C960CD7-E86B-52F4-ED6E-C17297FB635E}.Debug|Any CPU.ActiveCfg = Debug|Any CPU
		{3C960CD7-E86B-52F4-ED6E-C17297FB635E}.Debug|Any CPU.Build.0 = Debug|Any CPU
		{3C960CD7-E86B-52F4-ED6E-C17297FB635E}.Release|Any CPU.ActiveCfg = Release|Any CPU
		{3C960CD7-E86B-52F4-ED6E-C17297FB635E}.Release|Any CPU.Build.0 = Release|Any CPU
		{F4FBC017-30B9-2F47-D7D1-6AA3A36D8F35}.Debug|Any CPU.ActiveCfg = Debug|Any CPU
		{F4FBC017-30B9-2F47-D7D1-6AA3A36D8F35}.Debug|Any CPU.Build.0 = Debug|Any CPU
		{F4FBC017-30B9-2F47-D7D1-6AA3A36D8F35}.Release|Any CPU.ActiveCfg = Release|Any CPU
		{F4FBC017-30B9-2F47-D7D1-6AA3A36D8F35}.Release|Any CPU.Build.0 = Release|Any CPU
		{8E926F6D-E646-FBBD-9687-95C062068486}.Debug|Any CPU.ActiveCfg = Debug|Any CPU
		{8E926F6D-E646-FBBD-9687-95C062068486}.Debug|Any CPU.Build.0 = Debug|Any CPU
		{8E926F6D-E646-FBBD-9687-95C062068486}.Release|Any CPU.ActiveCfg = Release|Any CPU
		{8E926F6D-E646-FBBD-9687-95C062068486}.Release|Any CPU.Build.0 = Release|Any CPU
		{6C539421-E9FA-C774-D908-D55D4429EA46}.Debug|Any CPU.ActiveCfg = Debug|Any CPU
		{6C539421-E9FA-C774-D908-D55D4429EA46}.Debug|Any CPU.Build.0 = Debug|Any CPU
		{6C539421-E9FA-C774-D908-D55D4429EA46}.Release|Any CPU.ActiveCfg = Release|Any CPU
		{6C539421-E9FA-C774-D908-D55D4429EA46}.Release|Any CPU.Build.0 = Release|Any CPU
		{337BD4BA-AA0A-EBAF-AECF-74818DDD7C40}.Debug|Any CPU.ActiveCfg = Debug|Any CPU
		{337BD4BA-AA0A-EBAF-AECF-74818DDD7C40}.Debug|Any CPU.Build.0 = Debug|Any CPU
		{337BD4BA-AA0A-EBAF-AECF-74818DDD7C40}.Release|Any CPU.ActiveCfg = Release|Any CPU
		{337BD4BA-AA0A-EBAF-AECF-74818DDD7C40}.Release|Any CPU.Build.0 = Release|Any CPU
		{025B1E11-F08A-37B0-6EC0-2DEA8C6C8DD5}.Debug|Any CPU.ActiveCfg = Debug|Any CPU
		{025B1E11-F08A-37B0-6EC0-2DEA8C6C8DD5}.Debug|Any CPU.Build.0 = Debug|Any CPU
		{025B1E11-F08A-37B0-6EC0-2DEA8C6C8DD5}.Release|Any CPU.ActiveCfg = Release|Any CPU
		{025B1E11-F08A-37B0-6EC0-2DEA8C6C8DD5}.Release|Any CPU.Build.0 = Release|Any CPU
		{49B180F2-EBC0-2DAC-4E2F-F96633260777}.Debug|Any CPU.ActiveCfg = Debug|Any CPU
		{49B180F2-EBC0-2DAC-4E2F-F96633260777}.Debug|Any CPU.Build.0 = Debug|Any CPU
		{49B180F2-EBC0-2DAC-4E2F-F96633260777}.Release|Any CPU.ActiveCfg = Release|Any CPU
		{49B180F2-EBC0-2DAC-4E2F-F96633260777}.Release|Any CPU.Build.0 = Release|Any CPU
		{E3FE53FE-38CC-594B-8738-387287F4A30F}.Debug|Any CPU.ActiveCfg = Debug|Any CPU
		{E3FE53FE-38CC-594B-8738-387287F4A30F}.Debug|Any CPU.Build.0 = Debug|Any CPU
		{E3FE53FE-38CC-594B-8738-387287F4A30F}.Release|Any CPU.ActiveCfg = Release|Any CPU
		{E3FE53FE-38CC-594B-8738-387287F4A30F}.Release|Any CPU.Build.0 = Release|Any CPU
		{404FB70D-BF66-0590-4FCB-A357FFB2192F}.Debug|Any CPU.ActiveCfg = Debug|Any CPU
		{404FB70D-BF66-0590-4FCB-A357FFB2192F}.Debug|Any CPU.Build.0 = Debug|Any CPU
		{404FB70D-BF66-0590-4FCB-A357FFB2192F}.Release|Any CPU.ActiveCfg = Release|Any CPU
		{404FB70D-BF66-0590-4FCB-A357FFB2192F}.Release|Any CPU.Build.0 = Release|Any CPU
		{231B6244-A4D7-354A-807D-B8DAD5450B48}.Debug|Any CPU.ActiveCfg = Debug|Any CPU
		{231B6244-A4D7-354A-807D-B8DAD5450B48}.Debug|Any CPU.Build.0 = Debug|Any CPU
		{231B6244-A4D7-354A-807D-B8DAD5450B48}.Release|Any CPU.ActiveCfg = Release|Any CPU
		{231B6244-A4D7-354A-807D-B8DAD5450B48}.Release|Any CPU.Build.0 = Release|Any CPU
		{CA54D741-B1C1-DC7C-4B1B-FB23F7C60BAF}.Debug|Any CPU.ActiveCfg = Debug|Any CPU
		{CA54D741-B1C1-DC7C-4B1B-FB23F7C60BAF}.Debug|Any CPU.Build.0 = Debug|Any CPU
		{CA54D741-B1C1-DC7C-4B1B-FB23F7C60BAF}.Release|Any CPU.ActiveCfg = Release|Any CPU
		{CA54D741-B1C1-DC7C-4B1B-FB23F7C60BAF}.Release|Any CPU.Build.0 = Release|Any CPU
		{12321624-85C5-33A8-44CE-B9ADADBCAC64}.Debug|Any CPU.ActiveCfg = Debug|Any CPU
		{12321624-85C5-33A8-44CE-B9ADADBCAC64}.Debug|Any CPU.Build.0 = Debug|Any CPU
		{12321624-85C5-33A8-44CE-B9ADADBCAC64}.Release|Any CPU.ActiveCfg = Release|Any CPU
		{12321624-85C5-33A8-44CE-B9ADADBCAC64}.Release|Any CPU.Build.0 = Release|Any CPU
		{22762761-140D-17BD-8B77-FB9B4B01087D}.Debug|Any CPU.ActiveCfg = Debug|Any CPU
		{22762761-140D-17BD-8B77-FB9B4B01087D}.Debug|Any CPU.Build.0 = Debug|Any CPU
		{22762761-140D-17BD-8B77-FB9B4B01087D}.Release|Any CPU.ActiveCfg = Release|Any CPU
		{22762761-140D-17BD-8B77-FB9B4B01087D}.Release|Any CPU.Build.0 = Release|Any CPU
		{99EC857C-E661-F8F5-319E-0015ED40C207}.Debug|Any CPU.ActiveCfg = Debug|Any CPU
		{99EC857C-E661-F8F5-319E-0015ED40C207}.Debug|Any CPU.Build.0 = Debug|Any CPU
		{99EC857C-E661-F8F5-319E-0015ED40C207}.Release|Any CPU.ActiveCfg = Release|Any CPU
		{99EC857C-E661-F8F5-319E-0015ED40C207}.Release|Any CPU.Build.0 = Release|Any CPU
		{C1515E1E-EF8D-6F1E-24B4-4BCCBAFD1B09}.Debug|Any CPU.ActiveCfg = Debug|Any CPU
		{C1515E1E-EF8D-6F1E-24B4-4BCCBAFD1B09}.Debug|Any CPU.Build.0 = Debug|Any CPU
		{C1515E1E-EF8D-6F1E-24B4-4BCCBAFD1B09}.Release|Any CPU.ActiveCfg = Release|Any CPU
		{C1515E1E-EF8D-6F1E-24B4-4BCCBAFD1B09}.Release|Any CPU.Build.0 = Release|Any CPU
		{8F02DEA9-3FA3-4EAA-F3BD-D1FE4AD97AF2}.Debug|Any CPU.ActiveCfg = Debug|Any CPU
		{8F02DEA9-3FA3-4EAA-F3BD-D1FE4AD97AF2}.Debug|Any CPU.Build.0 = Debug|Any CPU
		{8F02DEA9-3FA3-4EAA-F3BD-D1FE4AD97AF2}.Release|Any CPU.ActiveCfg = Release|Any CPU
		{8F02DEA9-3FA3-4EAA-F3BD-D1FE4AD97AF2}.Release|Any CPU.Build.0 = Release|Any CPU
		{1E91A23E-52EE-7998-F552-07B4A6FA1650}.Debug|Any CPU.ActiveCfg = Debug|Any CPU
		{1E91A23E-52EE-7998-F552-07B4A6FA1650}.Debug|Any CPU.Build.0 = Debug|Any CPU
		{1E91A23E-52EE-7998-F552-07B4A6FA1650}.Release|Any CPU.ActiveCfg = Release|Any CPU
		{1E91A23E-52EE-7998-F552-07B4A6FA1650}.Release|Any CPU.Build.0 = Release|Any CPU
		{4E99109D-9609-701E-5F37-21129D30EE33}.Debug|Any CPU.ActiveCfg = Debug|Any CPU
		{4E99109D-9609-701E-5F37-21129D30EE33}.Debug|Any CPU.Build.0 = Debug|Any CPU
		{4E99109D-9609-701E-5F37-21129D30EE33}.Release|Any CPU.ActiveCfg = Release|Any CPU
		{4E99109D-9609-701E-5F37-21129D30EE33}.Release|Any CPU.Build.0 = Release|Any CPU
		{1B9ADFD3-B9C5-931F-8016-E58734F62319}.Debug|Any CPU.ActiveCfg = Debug|Any CPU
		{1B9ADFD3-B9C5-931F-8016-E58734F62319}.Debug|Any CPU.Build.0 = Debug|Any CPU
		{1B9ADFD3-B9C5-931F-8016-E58734F62319}.Release|Any CPU.ActiveCfg = Release|Any CPU
		{1B9ADFD3-B9C5-931F-8016-E58734F62319}.Release|Any CPU.Build.0 = Release|Any CPU
		{084193FA-421E-754D-15A1-51CF3378653E}.Debug|Any CPU.ActiveCfg = Debug|Any CPU
		{084193FA-421E-754D-15A1-51CF3378653E}.Debug|Any CPU.Build.0 = Debug|Any CPU
		{084193FA-421E-754D-15A1-51CF3378653E}.Release|Any CPU.ActiveCfg = Release|Any CPU
		{084193FA-421E-754D-15A1-51CF3378653E}.Release|Any CPU.Build.0 = Release|Any CPU
		{651270BB-D554-3C7B-A7AF-FE356F6BA419}.Debug|Any CPU.ActiveCfg = Debug|Any CPU
		{651270BB-D554-3C7B-A7AF-FE356F6BA419}.Debug|Any CPU.Build.0 = Debug|Any CPU
		{651270BB-D554-3C7B-A7AF-FE356F6BA419}.Release|Any CPU.ActiveCfg = Release|Any CPU
		{651270BB-D554-3C7B-A7AF-FE356F6BA419}.Release|Any CPU.Build.0 = Release|Any CPU
		{4C010DCE-1DB6-07A4-7D41-64F3EA03C4FC}.Debug|Any CPU.ActiveCfg = Debug|Any CPU
		{4C010DCE-1DB6-07A4-7D41-64F3EA03C4FC}.Debug|Any CPU.Build.0 = Debug|Any CPU
		{4C010DCE-1DB6-07A4-7D41-64F3EA03C4FC}.Release|Any CPU.ActiveCfg = Release|Any CPU
		{4C010DCE-1DB6-07A4-7D41-64F3EA03C4FC}.Release|Any CPU.Build.0 = Release|Any CPU
		{A32572EC-6688-279E-CC55-42A4DA654FFB}.Debug|Any CPU.ActiveCfg = Debug|Any CPU
		{A32572EC-6688-279E-CC55-42A4DA654FFB}.Debug|Any CPU.Build.0 = Debug|Any CPU
		{A32572EC-6688-279E-CC55-42A4DA654FFB}.Release|Any CPU.ActiveCfg = Release|Any CPU
		{A32572EC-6688-279E-CC55-42A4DA654FFB}.Release|Any CPU.Build.0 = Release|Any CPU
		{6AAD65A4-3E2F-ADDE-C700-5F814CD75D75}.Debug|Any CPU.ActiveCfg = Debug|Any CPU
		{6AAD65A4-3E2F-ADDE-C700-5F814CD75D75}.Debug|Any CPU.Build.0 = Debug|Any CPU
		{6AAD65A4-3E2F-ADDE-C700-5F814CD75D75}.Release|Any CPU.ActiveCfg = Release|Any CPU
		{6AAD65A4-3E2F-ADDE-C700-5F814CD75D75}.Release|Any CPU.Build.0 = Release|Any CPU
		{75E0E649-F2DA-5841-3326-94230FAB2D64}.Debug|Any CPU.ActiveCfg = Debug|Any CPU
		{75E0E649-F2DA-5841-3326-94230FAB2D64}.Debug|Any CPU.Build.0 = Debug|Any CPU
		{75E0E649-F2DA-5841-3326-94230FAB2D64}.Release|Any CPU.ActiveCfg = Release|Any CPU
		{75E0E649-F2DA-5841-3326-94230FAB2D64}.Release|Any CPU.Build.0 = Release|Any CPU
		{5E2BC8E0-73C7-43EA-3733-768A5B021B7B}.Debug|Any CPU.ActiveCfg = Debug|Any CPU
		{5E2BC8E0-73C7-43EA-3733-768A5B021B7B}.Debug|Any CPU.Build.0 = Debug|Any CPU
		{5E2BC8E0-73C7-43EA-3733-768A5B021B7B}.Release|Any CPU.ActiveCfg = Release|Any CPU
		{5E2BC8E0-73C7-43EA-3733-768A5B021B7B}.Release|Any CPU.Build.0 = Release|Any CPU
		{2A6E790F-9D99-F620-8C7D-8C3282BF33B1}.Debug|Any CPU.ActiveCfg = Debug|Any CPU
		{2A6E790F-9D99-F620-8C7D-8C3282BF33B1}.Debug|Any CPU.Build.0 = Debug|Any CPU
		{2A6E790F-9D99-F620-8C7D-8C3282BF33B1}.Release|Any CPU.ActiveCfg = Release|Any CPU
		{2A6E790F-9D99-F620-8C7D-8C3282BF33B1}.Release|Any CPU.Build.0 = Release|Any CPU
		{6A6D50DC-7C51-F08E-F0BE-0F6AD24CDE1F}.Debug|Any CPU.ActiveCfg = Debug|Any CPU
		{6A6D50DC-7C51-F08E-F0BE-0F6AD24CDE1F}.Debug|Any CPU.Build.0 = Debug|Any CPU
		{6A6D50DC-7C51-F08E-F0BE-0F6AD24CDE1F}.Release|Any CPU.ActiveCfg = Release|Any CPU
		{6A6D50DC-7C51-F08E-F0BE-0F6AD24CDE1F}.Release|Any CPU.Build.0 = Release|Any CPU
		{661FE166-3EE6-7957-CFD5-FE6D6281C3FD}.Debug|Any CPU.ActiveCfg = Debug|Any CPU
		{661FE166-3EE6-7957-CFD5-FE6D6281C3FD}.Debug|Any CPU.Build.0 = Debug|Any CPU
		{661FE166-3EE6-7957-CFD5-FE6D6281C3FD}.Release|Any CPU.ActiveCfg = Release|Any CPU
		{661FE166-3EE6-7957-CFD5-FE6D6281C3FD}.Release|Any CPU.Build.0 = Release|Any CPU
		{954BA236-C163-D8B4-BC12-DE7CFD4D890B}.Debug|Any CPU.ActiveCfg = Debug|Any CPU
		{954BA236-C163-D8B4-BC12-DE7CFD4D890B}.Debug|Any CPU.Build.0 = Debug|Any CPU
		{954BA236-C163-D8B4-BC12-DE7CFD4D890B}.Release|Any CPU.ActiveCfg = Release|Any CPU
		{954BA236-C163-D8B4-BC12-DE7CFD4D890B}.Release|Any CPU.Build.0 = Release|Any CPU
		{3C450D62-749F-EB34-5CEE-C936FA5949F1}.Debug|Any CPU.ActiveCfg = Debug|Any CPU
		{3C450D62-749F-EB34-5CEE-C936FA5949F1}.Debug|Any CPU.Build.0 = Debug|Any CPU
		{3C450D62-749F-EB34-5CEE-C936FA5949F1}.Release|Any CPU.ActiveCfg = Release|Any CPU
		{3C450D62-749F-EB34-5CEE-C936FA5949F1}.Release|Any CPU.Build.0 = Release|Any CPU
		{E5703ABF-35D8-09C6-68A5-64D52EFED949}.Debug|Any CPU.ActiveCfg = Debug|Any CPU
		{E5703ABF-35D8-09C6-68A5-64D52EFED949}.Debug|Any CPU.Build.0 = Debug|Any CPU
		{E5703ABF-35D8-09C6-68A5-64D52EFED949}.Release|Any CPU.ActiveCfg = Release|Any CPU
		{E5703ABF-35D8-09C6-68A5-64D52EFED949}.Release|Any CPU.Build.0 = Release|Any CPU
		{B6828CAA-70E3-312F-6444-C384B93266F2}.Debug|Any CPU.ActiveCfg = Debug|Any CPU
		{B6828CAA-70E3-312F-6444-C384B93266F2}.Debug|Any CPU.Build.0 = Debug|Any CPU
		{B6828CAA-70E3-312F-6444-C384B93266F2}.Release|Any CPU.ActiveCfg = Release|Any CPU
		{B6828CAA-70E3-312F-6444-C384B93266F2}.Release|Any CPU.Build.0 = Release|Any CPU
		{9B2681B7-7223-E29C-C707-6AE0312F1222}.Debug|Any CPU.ActiveCfg = Debug|Any CPU
		{9B2681B7-7223-E29C-C707-6AE0312F1222}.Debug|Any CPU.Build.0 = Debug|Any CPU
		{9B2681B7-7223-E29C-C707-6AE0312F1222}.Release|Any CPU.ActiveCfg = Release|Any CPU
		{9B2681B7-7223-E29C-C707-6AE0312F1222}.Release|Any CPU.Build.0 = Release|Any CPU
		{D0BF329A-416C-1985-BB01-F1833E11C64C}.Debug|Any CPU.ActiveCfg = Debug|Any CPU
		{D0BF329A-416C-1985-BB01-F1833E11C64C}.Debug|Any CPU.Build.0 = Debug|Any CPU
		{D0BF329A-416C-1985-BB01-F1833E11C64C}.Release|Any CPU.ActiveCfg = Release|Any CPU
		{D0BF329A-416C-1985-BB01-F1833E11C64C}.Release|Any CPU.Build.0 = Release|Any CPU
		{CD98689B-8F29-12C4-9ED7-2716CC275696}.Debug|Any CPU.ActiveCfg = Debug|Any CPU
		{CD98689B-8F29-12C4-9ED7-2716CC275696}.Debug|Any CPU.Build.0 = Debug|Any CPU
		{CD98689B-8F29-12C4-9ED7-2716CC275696}.Release|Any CPU.ActiveCfg = Release|Any CPU
		{CD98689B-8F29-12C4-9ED7-2716CC275696}.Release|Any CPU.Build.0 = Release|Any CPU
		{0E6A9D08-A934-514B-E110-B804D58F2435}.Debug|Any CPU.ActiveCfg = Debug|Any CPU
		{0E6A9D08-A934-514B-E110-B804D58F2435}.Debug|Any CPU.Build.0 = Debug|Any CPU
		{0E6A9D08-A934-514B-E110-B804D58F2435}.Release|Any CPU.ActiveCfg = Release|Any CPU
		{0E6A9D08-A934-514B-E110-B804D58F2435}.Release|Any CPU.Build.0 = Release|Any CPU
	EndGlobalSection
	GlobalSection(SolutionProperties) = preSolution
		HideSolutionNode = FALSE
	EndGlobalSection
EndGlobal
